
Microsoft Visual Studio Solution File, Format Version 12.00
# Visual Studio 15
VisualStudioVersion = 15.0.27703.2035
MinimumVisualStudioVersion = 10.0.40219.1
Project("{FAE04EC0-301F-11D3-BF4B-00C04F79EFBC}") = "Exercise8", "Exercise8\Exercise8.csproj", "{051753AA-5C14-44A7-8099-B3E31CF75813}"
EndProject
Global
	GlobalSection(SolutionConfigurationPlatforms) = preSolution
		Debug|Any CPU = Debug|Any CPU
		Release|Any CPU = Release|Any CPU
	EndGlobalSection
	GlobalSection(ProjectConfigurationPlatforms) = postSolution
		{051753AA-5C14-44A7-8099-B3E31CF75813}.Debug|Any CPU.ActiveCfg = Debug|Any CPU
		{051753AA-5C14-44A7-8099-B3E31CF75813}.Debug|Any CPU.Build.0 = Debug|Any CPU
		{051753AA-5C14-44A7-8099-B3E31CF75813}.Release|Any CPU.ActiveCfg = Release|Any CPU
		{051753AA-5C14-44A7-8099-B3E31CF75813}.Release|Any CPU.Build.0 = Release|Any CPU
	EndGlobalSection
	GlobalSection(SolutionProperties) = preSolution
		HideSolutionNode = FALSE
	EndGlobalSection
	GlobalSection(ExtensibilityGlobals) = postSolution
		SolutionGuid = {C4D03CC3-D492-4EEF-AB1D-87EE30A96EB1}
	EndGlobalSection
EndGlobal
