
Microsoft Visual Studio Solution File, Format Version 12.00
# Visual Studio 15
VisualStudioVersion = 15.0.27703.2035
MinimumVisualStudioVersion = 10.0.40219.1
Project("{FAE04EC0-301F-11D3-BF4B-00C04F79EFBC}") = "Exercise13", "Exercise13\Exercise13.csproj", "{B7006D6E-1402-4490-8373-1A454F4E1D32}"
EndProject
Global
	GlobalSection(SolutionConfigurationPlatforms) = preSolution
		Debug|Any CPU = Debug|Any CPU
		Release|Any CPU = Release|Any CPU
	EndGlobalSection
	GlobalSection(ProjectConfigurationPlatforms) = postSolution
		{B7006D6E-1402-4490-8373-1A454F4E1D32}.Debug|Any CPU.ActiveCfg = Debug|Any CPU
		{B7006D6E-1402-4490-8373-1A454F4E1D32}.Debug|Any CPU.Build.0 = Debug|Any CPU
		{B7006D6E-1402-4490-8373-1A454F4E1D32}.Release|Any CPU.ActiveCfg = Release|Any CPU
		{B7006D6E-1402-4490-8373-1A454F4E1D32}.Release|Any CPU.Build.0 = Release|Any CPU
	EndGlobalSection
	GlobalSection(SolutionProperties) = preSolution
		HideSolutionNode = FALSE
	EndGlobalSection
	GlobalSection(ExtensibilityGlobals) = postSolution
		SolutionGuid = {5220C9C4-9920-4707-9932-F15AAF280296}
	EndGlobalSection
EndGlobal
