
Microsoft Visual Studio Solution File, Format Version 12.00
# Visual Studio 15
VisualStudioVersion = 15.0.27703.2035
MinimumVisualStudioVersion = 10.0.40219.1
Project("{FAE04EC0-301F-11D3-BF4B-00C04F79EFBC}") = "Exercise1", "Exercise1\Exercise1.csproj", "{72695D6E-73A5-4D77-88C4-EADAFC9CD37F}"
EndProject
Global
	GlobalSection(SolutionConfigurationPlatforms) = preSolution
		Debug|Any CPU = Debug|Any CPU
		Release|Any CPU = Release|Any CPU
	EndGlobalSection
	GlobalSection(ProjectConfigurationPlatforms) = postSolution
		{72695D6E-73A5-4D77-88C4-EADAFC9CD37F}.Debug|Any CPU.ActiveCfg = Debug|Any CPU
		{72695D6E-73A5-4D77-88C4-EADAFC9CD37F}.Debug|Any CPU.Build.0 = Debug|Any CPU
		{72695D6E-73A5-4D77-88C4-EADAFC9CD37F}.Release|Any CPU.ActiveCfg = Release|Any CPU
		{72695D6E-73A5-4D77-88C4-EADAFC9CD37F}.Release|Any CPU.Build.0 = Release|Any CPU
	EndGlobalSection
	GlobalSection(SolutionProperties) = preSolution
		HideSolutionNode = FALSE
	EndGlobalSection
	GlobalSection(ExtensibilityGlobals) = postSolution
		SolutionGuid = {014626FD-B6CB-45F8-9D9E-48A1E283B4D0}
	EndGlobalSection
EndGlobal
