
Microsoft Visual Studio Solution File, Format Version 12.00
# Visual Studio 15
VisualStudioVersion = 15.0.27703.2035
MinimumVisualStudioVersion = 10.0.40219.1
Project("{FAE04EC0-301F-11D3-BF4B-00C04F79EFBC}") = "Exercise12", "Exercise12\Exercise12.csproj", "{B221557D-E005-4300-8BD4-213E1849B63C}"
EndProject
Global
	GlobalSection(SolutionConfigurationPlatforms) = preSolution
		Debug|Any CPU = Debug|Any CPU
		Release|Any CPU = Release|Any CPU
	EndGlobalSection
	GlobalSection(ProjectConfigurationPlatforms) = postSolution
		{B221557D-E005-4300-8BD4-213E1849B63C}.Debug|Any CPU.ActiveCfg = Debug|Any CPU
		{B221557D-E005-4300-8BD4-213E1849B63C}.Debug|Any CPU.Build.0 = Debug|Any CPU
		{B221557D-E005-4300-8BD4-213E1849B63C}.Release|Any CPU.ActiveCfg = Release|Any CPU
		{B221557D-E005-4300-8BD4-213E1849B63C}.Release|Any CPU.Build.0 = Release|Any CPU
	EndGlobalSection
	GlobalSection(SolutionProperties) = preSolution
		HideSolutionNode = FALSE
	EndGlobalSection
	GlobalSection(ExtensibilityGlobals) = postSolution
		SolutionGuid = {69D58FDE-4D83-4F82-87AD-47D7CC2386A1}
	EndGlobalSection
EndGlobal
