
Microsoft Visual Studio Solution File, Format Version 12.00
# Visual Studio 15
VisualStudioVersion = 15.0.27703.2035
MinimumVisualStudioVersion = 10.0.40219.1
Project("{FAE04EC0-301F-11D3-BF4B-00C04F79EFBC}") = "Exercise13", "Exercise13\Exercise13.csproj", "{3A158832-0DA1-4AD2-9658-359733E21C5C}"
EndProject
Global
	GlobalSection(SolutionConfigurationPlatforms) = preSolution
		Debug|Any CPU = Debug|Any CPU
		Release|Any CPU = Release|Any CPU
	EndGlobalSection
	GlobalSection(ProjectConfigurationPlatforms) = postSolution
		{3A158832-0DA1-4AD2-9658-359733E21C5C}.Debug|Any CPU.ActiveCfg = Debug|Any CPU
		{3A158832-0DA1-4AD2-9658-359733E21C5C}.Debug|Any CPU.Build.0 = Debug|Any CPU
		{3A158832-0DA1-4AD2-9658-359733E21C5C}.Release|Any CPU.ActiveCfg = Release|Any CPU
		{3A158832-0DA1-4AD2-9658-359733E21C5C}.Release|Any CPU.Build.0 = Release|Any CPU
	EndGlobalSection
	GlobalSection(SolutionProperties) = preSolution
		HideSolutionNode = FALSE
	EndGlobalSection
	GlobalSection(ExtensibilityGlobals) = postSolution
		SolutionGuid = {C7941478-D901-42F6-B57D-8AE318097A2D}
	EndGlobalSection
EndGlobal
