
Microsoft Visual Studio Solution File, Format Version 12.00
# Visual Studio Version 16
VisualStudioVersion = 16.0.29201.188
MinimumVisualStudioVersion = 10.0.40219.1
Project("{FAE04EC0-301F-11D3-BF4B-00C04F79EFBC}") = "Exercise1", "Exercise1\Exercise1.csproj", "{4574E21A-AF2B-4810-8EBE-977B203E9EEF}"
EndProject
Global
	GlobalSection(SolutionConfigurationPlatforms) = preSolution
		Debug|Any CPU = Debug|Any CPU
		Release|Any CPU = Release|Any CPU
	EndGlobalSection
	GlobalSection(ProjectConfigurationPlatforms) = postSolution
		{4574E21A-AF2B-4810-8EBE-977B203E9EEF}.Debug|Any CPU.ActiveCfg = Debug|Any CPU
		{4574E21A-AF2B-4810-8EBE-977B203E9EEF}.Debug|Any CPU.Build.0 = Debug|Any CPU
		{4574E21A-AF2B-4810-8EBE-977B203E9EEF}.Release|Any CPU.ActiveCfg = Release|Any CPU
		{4574E21A-AF2B-4810-8EBE-977B203E9EEF}.Release|Any CPU.Build.0 = Release|Any CPU
	EndGlobalSection
	GlobalSection(SolutionProperties) = preSolution
		HideSolutionNode = FALSE
	EndGlobalSection
	GlobalSection(ExtensibilityGlobals) = postSolution
		SolutionGuid = {97679381-9142-446A-B3C5-83BEA21C8900}
	EndGlobalSection
EndGlobal
