
Microsoft Visual Studio Solution File, Format Version 12.00
# Visual Studio 15
VisualStudioVersion = 15.0.27703.2035
MinimumVisualStudioVersion = 10.0.40219.1
Project("{FAE04EC0-301F-11D3-BF4B-00C04F79EFBC}") = "Exercise3", "Exercise3\Exercise3.csproj", "{1B222018-DB19-4B0A-9263-354FE961EE04}"
EndProject
Global
	GlobalSection(SolutionConfigurationPlatforms) = preSolution
		Debug|Any CPU = Debug|Any CPU
		Release|Any CPU = Release|Any CPU
	EndGlobalSection
	GlobalSection(ProjectConfigurationPlatforms) = postSolution
		{1B222018-DB19-4B0A-9263-354FE961EE04}.Debug|Any CPU.ActiveCfg = Debug|Any CPU
		{1B222018-DB19-4B0A-9263-354FE961EE04}.Debug|Any CPU.Build.0 = Debug|Any CPU
		{1B222018-DB19-4B0A-9263-354FE961EE04}.Release|Any CPU.ActiveCfg = Release|Any CPU
		{1B222018-DB19-4B0A-9263-354FE961EE04}.Release|Any CPU.Build.0 = Release|Any CPU
	EndGlobalSection
	GlobalSection(SolutionProperties) = preSolution
		HideSolutionNode = FALSE
	EndGlobalSection
	GlobalSection(ExtensibilityGlobals) = postSolution
		SolutionGuid = {01FC5A91-B56A-41B9-8146-DAA42A6C2B49}
	EndGlobalSection
EndGlobal
