
Microsoft Visual Studio Solution File, Format Version 12.00
# Visual Studio 15
VisualStudioVersion = 15.0.27703.2035
MinimumVisualStudioVersion = 10.0.40219.1
Project("{FAE04EC0-301F-11D3-BF4B-00C04F79EFBC}") = "Exercise4", "Exercise4\Exercise4.csproj", "{666936C4-C0A9-44D4-8AD8-63E88F12ACD2}"
EndProject
Global
	GlobalSection(SolutionConfigurationPlatforms) = preSolution
		Debug|Any CPU = Debug|Any CPU
		Release|Any CPU = Release|Any CPU
	EndGlobalSection
	GlobalSection(ProjectConfigurationPlatforms) = postSolution
		{666936C4-C0A9-44D4-8AD8-63E88F12ACD2}.Debug|Any CPU.ActiveCfg = Debug|Any CPU
		{666936C4-C0A9-44D4-8AD8-63E88F12ACD2}.Debug|Any CPU.Build.0 = Debug|Any CPU
		{666936C4-C0A9-44D4-8AD8-63E88F12ACD2}.Release|Any CPU.ActiveCfg = Release|Any CPU
		{666936C4-C0A9-44D4-8AD8-63E88F12ACD2}.Release|Any CPU.Build.0 = Release|Any CPU
	EndGlobalSection
	GlobalSection(SolutionProperties) = preSolution
		HideSolutionNode = FALSE
	EndGlobalSection
	GlobalSection(ExtensibilityGlobals) = postSolution
		SolutionGuid = {CF642ADC-2FF5-4C9E-8B63-D859DA29909B}
	EndGlobalSection
EndGlobal
