
Microsoft Visual Studio Solution File, Format Version 12.00
# Visual Studio 15
VisualStudioVersion = 15.0.27703.2035
MinimumVisualStudioVersion = 10.0.40219.1
Project("{FAE04EC0-301F-11D3-BF4B-00C04F79EFBC}") = "Exercise5", "Exercise5\Exercise5.csproj", "{81D5B5D1-57C2-45AB-955C-72EA640FE844}"
EndProject
Global
	GlobalSection(SolutionConfigurationPlatforms) = preSolution
		Debug|Any CPU = Debug|Any CPU
		Release|Any CPU = Release|Any CPU
	EndGlobalSection
	GlobalSection(ProjectConfigurationPlatforms) = postSolution
		{81D5B5D1-57C2-45AB-955C-72EA640FE844}.Debug|Any CPU.ActiveCfg = Debug|Any CPU
		{81D5B5D1-57C2-45AB-955C-72EA640FE844}.Debug|Any CPU.Build.0 = Debug|Any CPU
		{81D5B5D1-57C2-45AB-955C-72EA640FE844}.Release|Any CPU.ActiveCfg = Release|Any CPU
		{81D5B5D1-57C2-45AB-955C-72EA640FE844}.Release|Any CPU.Build.0 = Release|Any CPU
	EndGlobalSection
	GlobalSection(SolutionProperties) = preSolution
		HideSolutionNode = FALSE
	EndGlobalSection
	GlobalSection(ExtensibilityGlobals) = postSolution
		SolutionGuid = {99C00F73-CB38-45E4-8F8A-F24BE9E63E9E}
	EndGlobalSection
EndGlobal
