
Microsoft Visual Studio Solution File, Format Version 12.00
# Visual Studio 15
VisualStudioVersion = 15.0.27703.2035
MinimumVisualStudioVersion = 10.0.40219.1
Project("{FAE04EC0-301F-11D3-BF4B-00C04F79EFBC}") = "Exercise14", "Exercise14\Exercise14.csproj", "{751954D1-846C-452E-937C-47DB7244C602}"
EndProject
Global
	GlobalSection(SolutionConfigurationPlatforms) = preSolution
		Debug|Any CPU = Debug|Any CPU
		Release|Any CPU = Release|Any CPU
	EndGlobalSection
	GlobalSection(ProjectConfigurationPlatforms) = postSolution
		{751954D1-846C-452E-937C-47DB7244C602}.Debug|Any CPU.ActiveCfg = Debug|Any CPU
		{751954D1-846C-452E-937C-47DB7244C602}.Debug|Any CPU.Build.0 = Debug|Any CPU
		{751954D1-846C-452E-937C-47DB7244C602}.Release|Any CPU.ActiveCfg = Release|Any CPU
		{751954D1-846C-452E-937C-47DB7244C602}.Release|Any CPU.Build.0 = Release|Any CPU
	EndGlobalSection
	GlobalSection(SolutionProperties) = preSolution
		HideSolutionNode = FALSE
	EndGlobalSection
	GlobalSection(ExtensibilityGlobals) = postSolution
		SolutionGuid = {95FD473E-15F4-4F5A-BAF1-4B852B436177}
	EndGlobalSection
EndGlobal
