
Microsoft Visual Studio Solution File, Format Version 12.00
# Visual Studio 15
VisualStudioVersion = 15.0.27703.2035
MinimumVisualStudioVersion = 10.0.40219.1
Project("{FAE04EC0-301F-11D3-BF4B-00C04F79EFBC}") = "Exercise8", "Exercise8\Exercise8.csproj", "{CC4C3843-DB91-4ECB-9494-81776B4387CF}"
EndProject
Global
	GlobalSection(SolutionConfigurationPlatforms) = preSolution
		Debug|Any CPU = Debug|Any CPU
		Release|Any CPU = Release|Any CPU
	EndGlobalSection
	GlobalSection(ProjectConfigurationPlatforms) = postSolution
		{CC4C3843-DB91-4ECB-9494-81776B4387CF}.Debug|Any CPU.ActiveCfg = Debug|Any CPU
		{CC4C3843-DB91-4ECB-9494-81776B4387CF}.Debug|Any CPU.Build.0 = Debug|Any CPU
		{CC4C3843-DB91-4ECB-9494-81776B4387CF}.Release|Any CPU.ActiveCfg = Release|Any CPU
		{CC4C3843-DB91-4ECB-9494-81776B4387CF}.Release|Any CPU.Build.0 = Release|Any CPU
	EndGlobalSection
	GlobalSection(SolutionProperties) = preSolution
		HideSolutionNode = FALSE
	EndGlobalSection
	GlobalSection(ExtensibilityGlobals) = postSolution
		SolutionGuid = {64EAF5E1-17D7-4005-9F9A-8B4A21DB65C3}
	EndGlobalSection
EndGlobal
