
Microsoft Visual Studio Solution File, Format Version 12.00
# Visual Studio 15
VisualStudioVersion = 15.0.27703.2035
MinimumVisualStudioVersion = 10.0.40219.1
Project("{FAE04EC0-301F-11D3-BF4B-00C04F79EFBC}") = "Exercise7", "Exercise7\Exercise7.csproj", "{F11C55BE-C56D-4F26-BD01-DE7422AD1569}"
EndProject
Global
	GlobalSection(SolutionConfigurationPlatforms) = preSolution
		Debug|Any CPU = Debug|Any CPU
		Release|Any CPU = Release|Any CPU
	EndGlobalSection
	GlobalSection(ProjectConfigurationPlatforms) = postSolution
		{F11C55BE-C56D-4F26-BD01-DE7422AD1569}.Debug|Any CPU.ActiveCfg = Debug|Any CPU
		{F11C55BE-C56D-4F26-BD01-DE7422AD1569}.Debug|Any CPU.Build.0 = Debug|Any CPU
		{F11C55BE-C56D-4F26-BD01-DE7422AD1569}.Release|Any CPU.ActiveCfg = Release|Any CPU
		{F11C55BE-C56D-4F26-BD01-DE7422AD1569}.Release|Any CPU.Build.0 = Release|Any CPU
	EndGlobalSection
	GlobalSection(SolutionProperties) = preSolution
		HideSolutionNode = FALSE
	EndGlobalSection
	GlobalSection(ExtensibilityGlobals) = postSolution
		SolutionGuid = {D01179B6-B083-4DE6-A0FF-B337DF636713}
	EndGlobalSection
EndGlobal
