
Microsoft Visual Studio Solution File, Format Version 12.00
# Visual Studio 15
VisualStudioVersion = 15.0.27703.2035
MinimumVisualStudioVersion = 10.0.40219.1
Project("{FAE04EC0-301F-11D3-BF4B-00C04F79EFBC}") = "Exercise4", "Exercise4\Exercise4.csproj", "{CE0919BE-D4E3-4566-AA66-865757C498EE}"
EndProject
Global
	GlobalSection(SolutionConfigurationPlatforms) = preSolution
		Debug|Any CPU = Debug|Any CPU
		Release|Any CPU = Release|Any CPU
	EndGlobalSection
	GlobalSection(ProjectConfigurationPlatforms) = postSolution
		{CE0919BE-D4E3-4566-AA66-865757C498EE}.Debug|Any CPU.ActiveCfg = Debug|Any CPU
		{CE0919BE-D4E3-4566-AA66-865757C498EE}.Debug|Any CPU.Build.0 = Debug|Any CPU
		{CE0919BE-D4E3-4566-AA66-865757C498EE}.Release|Any CPU.ActiveCfg = Release|Any CPU
		{CE0919BE-D4E3-4566-AA66-865757C498EE}.Release|Any CPU.Build.0 = Release|Any CPU
	EndGlobalSection
	GlobalSection(SolutionProperties) = preSolution
		HideSolutionNode = FALSE
	EndGlobalSection
	GlobalSection(ExtensibilityGlobals) = postSolution
		SolutionGuid = {BBA32279-9CFC-489B-9E3B-EA676F158FCF}
	EndGlobalSection
EndGlobal
