
Microsoft Visual Studio Solution File, Format Version 12.00
# Visual Studio 15
VisualStudioVersion = 15.0.27703.2035
MinimumVisualStudioVersion = 10.0.40219.1
Project("{FAE04EC0-301F-11D3-BF4B-00C04F79EFBC}") = "Exercise6", "Exercise6\Exercise6.csproj", "{C00D6676-480F-4146-BD92-C81208359BB6}"
EndProject
Global
	GlobalSection(SolutionConfigurationPlatforms) = preSolution
		Debug|Any CPU = Debug|Any CPU
		Release|Any CPU = Release|Any CPU
	EndGlobalSection
	GlobalSection(ProjectConfigurationPlatforms) = postSolution
		{C00D6676-480F-4146-BD92-C81208359BB6}.Debug|Any CPU.ActiveCfg = Debug|Any CPU
		{C00D6676-480F-4146-BD92-C81208359BB6}.Debug|Any CPU.Build.0 = Debug|Any CPU
		{C00D6676-480F-4146-BD92-C81208359BB6}.Release|Any CPU.ActiveCfg = Release|Any CPU
		{C00D6676-480F-4146-BD92-C81208359BB6}.Release|Any CPU.Build.0 = Release|Any CPU
	EndGlobalSection
	GlobalSection(SolutionProperties) = preSolution
		HideSolutionNode = FALSE
	EndGlobalSection
	GlobalSection(ExtensibilityGlobals) = postSolution
		SolutionGuid = {813771D4-F76F-4789-A3AA-F6234080ED18}
	EndGlobalSection
EndGlobal
